
Microsoft Visual Studio Solution File, Format Version 12.00
# Visual Studio 2012
Project("{8BC9CEB8-8B4A-11D0-8D11-00A0C91BC942}") = "Test1", "Test1\Test1.vcxproj", "{02B03DBB-815E-4A37-9945-D29B574AC1E3}"
EndProject
Project("{8BC9CEB8-8B4A-11D0-8D11-00A0C91BC942}") = "hidapi", "..\..\..\..\..\..\HIDAPI\hidapi-0.7.0\windows\hidapi.vcxproj", "{A107C21C-418A-4697-BB10-20C3AA60E2E4}"
EndProject
Global
	GlobalSection(SolutionConfigurationPlatforms) = preSolution
		Debug|Win32 = Debug|Win32
		Release|Win32 = Release|Win32
	EndGlobalSection
	GlobalSection(ProjectConfigurationPlatforms) = postSolution
		{02B03DBB-815E-4A37-9945-D29B574AC1E3}.Debug|Win32.ActiveCfg = Debug|Win32
		{02B03DBB-815E-4A37-9945-D29B574AC1E3}.Debug|Win32.Build.0 = Debug|Win32
		{02B03DBB-815E-4A37-9945-D29B574AC1E3}.Release|Win32.ActiveCfg = Release|Win32
		{02B03DBB-815E-4A37-9945-D29B574AC1E3}.Release|Win32.Build.0 = Release|Win32
		{A107C21C-418A-4697-BB10-20C3AA60E2E4}.Debug|Win32.ActiveCfg = Debug|Win32
		{A107C21C-418A-4697-BB10-20C3AA60E2E4}.Debug|Win32.Build.0 = Debug|Win32
		{A107C21C-418A-4697-BB10-20C3AA60E2E4}.Release|Win32.ActiveCfg = Release|Win32
		{A107C21C-418A-4697-BB10-20C3AA60E2E4}.Release|Win32.Build.0 = Release|Win32
	EndGlobalSection
	GlobalSection(SolutionProperties) = preSolution
		HideSolutionNode = FALSE
	EndGlobalSection
EndGlobal
